
Microsoft Visual Studio Solution File, Format Version 12.00
# Visual Studio Version 17
VisualStudioVersion = 17.4.33205.214
MinimumVisualStudioVersion = 10.0.40219.1
Project("{FAE04EC0-301F-11D3-BF4B-00C04F79EFBC}") = "TF_TEST1", "TF_TEST1\TF_TEST1.csproj", "{10EAFFD9-6132-43BC-AA8E-4DCD38CF8AB7}"
EndProject
Global
	GlobalSection(SolutionConfigurationPlatforms) = preSolution
		Debug|Any CPU = Debug|Any CPU
		Release|Any CPU = Release|Any CPU
	EndGlobalSection
	GlobalSection(ProjectConfigurationPlatforms) = postSolution
		{10EAFFD9-6132-43BC-AA8E-4DCD38CF8AB7}.Debug|Any CPU.ActiveCfg = Debug|Any CPU
		{10EAFFD9-6132-43BC-AA8E-4DCD38CF8AB7}.Debug|Any CPU.Build.0 = Debug|Any CPU
		{10EAFFD9-6132-43BC-AA8E-4DCD38CF8AB7}.Release|Any CPU.ActiveCfg = Release|Any CPU
		{10EAFFD9-6132-43BC-AA8E-4DCD38CF8AB7}.Release|Any CPU.Build.0 = Release|Any CPU
	EndGlobalSection
	GlobalSection(SolutionProperties) = preSolution
		HideSolutionNode = FALSE
	EndGlobalSection
	GlobalSection(ExtensibilityGlobals) = postSolution
		SolutionGuid = {6A31A61D-070F-4EBD-AF6D-96BCA5939ACC}
	EndGlobalSection
EndGlobal
